{
  "originHash" : "295f47c18f9ea25fe8e3954030166fbc27769b16c08e34931af14632e70c4485",
  "pins" : [
    {
      "identity" : "extensions",
      "kind" : "remoteSourceControl",
      "location" : "https://github.com/leviouwendijk/Extensions.git",
      "state" : {
        "branch" : "master",
        "revision" : "3310d463b1bc509cccd8e75f0acc221e153f5dff"
      }
    },
    {
      "identity" : "interfaces",
      "kind" : "remoteSourceControl",
      "location" : "https://github.com/leviouwendijk/Interfaces.git",
      "state" : {
        "branch" : "master",
        "revision" : "bd39de6d52da6835ac97d78b2ee674d0101c39a6"
      }
    },
    {
      "identity" : "plate",
      "kind" : "remoteSourceControl",
      "location" : "https://github.com/leviouwendijk/plate.git",
      "state" : {
        "branch" : "master",
        "revision" : "4750a44498d2aa6b3ad2e107cb4803d3afdaef2b"
      }
    },
    {
      "identity" : "structures",
      "kind" : "remoteSourceControl",
      "location" : "https://github.com/leviouwendijk/Structures.git",
      "state" : {
        "branch" : "master",
        "revision" : "ee6c6836b897caff5a2f9111351976264a043076"
      }
    },
    {
      "identity" : "swift-argument-parser",
      "kind" : "remoteSourceControl",
      "location" : "https://github.com/apple/swift-argument-parser.git",
      "state" : {
        "branch" : "main",
        "revision" : "04695ec5448962bcd5e4616ed184b8a2168751e7"
      }
    }
  ],
  "version" : 3
}
