{
  "originHash" : "3ec9827c1f2a8c76128e3152190d256237c8ed361b30064575cb99857dfc83e4",
  "pins" : [
    {
      "identity" : "executable",
      "kind" : "remoteSourceControl",
      "location" : "https://github.com/leviouwendijk/Executable.git",
      "state" : {
        "branch" : "master",
        "revision" : "ce32ca6f601222ab928aec8113ba8224e778ee04"
      }
    },
    {
      "identity" : "extensions",
      "kind" : "remoteSourceControl",
      "location" : "https://github.com/leviouwendijk/Extensions.git",
      "state" : {
        "branch" : "master",
        "revision" : "3310d463b1bc509cccd8e75f0acc221e153f5dff"
      }
    },
    {
      "identity" : "interfaces",
      "kind" : "remoteSourceControl",
      "location" : "https://github.com/leviouwendijk/Interfaces.git",
      "state" : {
        "branch" : "master",
        "revision" : "70deb0fc0f4cbb4876f9dea7f2a5808225f18647"
      }
    },
    {
      "identity" : "plate",
      "kind" : "remoteSourceControl",
      "location" : "https://github.com/leviouwendijk/plate.git",
      "state" : {
        "branch" : "master",
        "revision" : "7b55c5580a606fb09724e4f5d6ece0d788e69339"
      }
    },
    {
      "identity" : "structures",
      "kind" : "remoteSourceControl",
      "location" : "https://github.com/leviouwendijk/Structures.git",
      "state" : {
        "branch" : "master",
        "revision" : "ee6c6836b897caff5a2f9111351976264a043076"
      }
    },
    {
      "identity" : "swift-argument-parser",
      "kind" : "remoteSourceControl",
      "location" : "https://github.com/apple/swift-argument-parser.git",
      "state" : {
        "branch" : "main",
        "revision" : "04695ec5448962bcd5e4616ed184b8a2168751e7"
      }
    }
  ],
  "version" : 3
}
