{
  "originHash" : "a8d98843718ffd6010b129c3182d3c450f5de2982930c8055814a0b8a22827f7",
  "pins" : [
    {
      "identity" : "executable",
      "kind" : "remoteSourceControl",
      "location" : "https://github.com/leviouwendijk/Executable.git",
      "state" : {
        "branch" : "master",
        "revision" : "1eafdf19696f18bcadff168036d17f440f110b5d"
      }
    },
    {
      "identity" : "interfaces",
      "kind" : "remoteSourceControl",
      "location" : "https://github.com/leviouwendijk/Interfaces.git",
      "state" : {
        "branch" : "master",
        "revision" : "c12d63c70780a5274dadef5c3c9839e3a0aacdc1"
      }
    },
    {
      "identity" : "path",
      "kind" : "remoteSourceControl",
      "location" : "https://github.com/leviouwendijk/Path.git",
      "state" : {
        "branch" : "master",
        "revision" : "b18278a4832ef11e4d6c8051e1ff1c03363c03a5"
      }
    },
    {
      "identity" : "plate",
      "kind" : "remoteSourceControl",
      "location" : "https://github.com/leviouwendijk/plate.git",
      "state" : {
        "branch" : "master",
        "revision" : "401bf449337d09678c915f9a0431ee859d66eaaa"
      }
    },
    {
      "identity" : "primitives",
      "kind" : "remoteSourceControl",
      "location" : "https://github.com/leviouwendijk/Primitives.git",
      "state" : {
        "branch" : "master",
        "revision" : "5a595a4da45183ce9b7d41ba34fb8486017312ef"
      }
    },
    {
      "identity" : "swift-argument-parser",
      "kind" : "remoteSourceControl",
      "location" : "https://github.com/apple/swift-argument-parser.git",
      "state" : {
        "branch" : "main",
        "revision" : "cc61a4c1647c41b73969f731c2587a7cdaf2259b"
      }
    },
    {
      "identity" : "terminal",
      "kind" : "remoteSourceControl",
      "location" : "https://github.com/leviouwendijk/Terminal.git",
      "state" : {
        "branch" : "master",
        "revision" : "f71bcf025c0f480c775d9a4fdb6d3ea3db4b33cf"
      }
    },
    {
      "identity" : "version",
      "kind" : "remoteSourceControl",
      "location" : "https://github.com/leviouwendijk/Version.git",
      "state" : {
        "branch" : "master",
        "revision" : "a7eeda6e3b84eca36f61366e5d420787c9aba69f"
      }
    }
  ],
  "version" : 3
}
